
Microsoft Visual Studio Solution File, Format Version 12.00
# Visual Studio Version 17
VisualStudioVersion = 17.5.33502.453
MinimumVisualStudioVersion = 10.0.40219.1
Project("{00D1A9C2-B5F0-4AF3-8072-F6C62B433612}") = "AdventureWorks", "AdventureWorks\AdventureWorks.sqlproj", "{2BCC622F-5C36-4E1F-A562-4B77F56E9DDD}"
EndProject
Global
	GlobalSection(SolutionConfigurationPlatforms) = preSolution
		Debug|Any CPU = Debug|Any CPU
		Release|Any CPU = Release|Any CPU
	EndGlobalSection
	GlobalSection(ProjectConfigurationPlatforms) = postSolution
		{2BCC622F-5C36-4E1F-A562-4B77F56E9DDD}.Debug|Any CPU.ActiveCfg = Debug|Any CPU
		{2BCC622F-5C36-4E1F-A562-4B77F56E9DDD}.Debug|Any CPU.Build.0 = Debug|Any CPU
		{2BCC622F-5C36-4E1F-A562-4B77F56E9DDD}.Debug|Any CPU.Deploy.0 = Debug|Any CPU
		{2BCC622F-5C36-4E1F-A562-4B77F56E9DDD}.Release|Any CPU.ActiveCfg = Release|Any CPU
		{2BCC622F-5C36-4E1F-A562-4B77F56E9DDD}.Release|Any CPU.Build.0 = Release|Any CPU
		{2BCC622F-5C36-4E1F-A562-4B77F56E9DDD}.Release|Any CPU.Deploy.0 = Release|Any CPU
	EndGlobalSection
	GlobalSection(SolutionProperties) = preSolution
		HideSolutionNode = FALSE
	EndGlobalSection
	GlobalSection(ExtensibilityGlobals) = postSolution
		SolutionGuid = {3B1D85CB-03F2-4EB2-A72C-3838E1094D47}
	EndGlobalSection
EndGlobal
