
Microsoft Visual Studio Solution File, Format Version 12.00
# Visual Studio 15
VisualStudioVersion = 15.0.27130.2027
MinimumVisualStudioVersion = 10.0.40219.1
Project("{FAE04EC0-301F-11D3-BF4B-00C04F79EFBC}") = "SSDT-CD-Template", "SSDT-CD-Template\SSDT-CD-Template.csproj", "{AFE8E679-3DFF-4824-B782-E2156C1B6949}"
EndProject
Project("{FAE04EC0-301F-11D3-BF4B-00C04F79EFBC}") = "SSDT-CD-VSIX", "SSDT-CD-VSIX\SSDT-CD-VSIX.csproj", "{82818B30-25DD-4ADE-8034-2BAFF50991DF}"
EndProject
Global
	GlobalSection(SolutionConfigurationPlatforms) = preSolution
		Debug|Any CPU = Debug|Any CPU
		Release|Any CPU = Release|Any CPU
	EndGlobalSection
	GlobalSection(ProjectConfigurationPlatforms) = postSolution
		{AFE8E679-3DFF-4824-B782-E2156C1B6949}.Debug|Any CPU.ActiveCfg = Debug|Any CPU
		{AFE8E679-3DFF-4824-B782-E2156C1B6949}.Debug|Any CPU.Build.0 = Debug|Any CPU
		{AFE8E679-3DFF-4824-B782-E2156C1B6949}.Release|Any CPU.ActiveCfg = Release|Any CPU
		{AFE8E679-3DFF-4824-B782-E2156C1B6949}.Release|Any CPU.Build.0 = Release|Any CPU
		{82818B30-25DD-4ADE-8034-2BAFF50991DF}.Debug|Any CPU.ActiveCfg = Debug|Any CPU
		{82818B30-25DD-4ADE-8034-2BAFF50991DF}.Debug|Any CPU.Build.0 = Debug|Any CPU
		{82818B30-25DD-4ADE-8034-2BAFF50991DF}.Release|Any CPU.ActiveCfg = Release|Any CPU
		{82818B30-25DD-4ADE-8034-2BAFF50991DF}.Release|Any CPU.Build.0 = Release|Any CPU
	EndGlobalSection
	GlobalSection(SolutionProperties) = preSolution
		HideSolutionNode = FALSE
	EndGlobalSection
	GlobalSection(ExtensibilityGlobals) = postSolution
		SolutionGuid = {118632BE-6B21-484C-8774-443D553D9693}
	EndGlobalSection
EndGlobal
